// !$*UTF8*$!
{
	archiveVersion = 1;
	classes = {
	};
	objectVersion = 46;
	objects = {

/* Begin PBXBuildFile section */
		55229AB11EC40A750054704F /* AppDelegate.swift in Sources */ = {isa = PBXBuildFile; fileRef = 55229AB01EC40A750054704F /* AppDelegate.swift */; };
		55229AB31EC40A750054704F /* ViewController.swift in Sources */ = {isa = PBXBuildFile; fileRef = 55229AB21EC40A750054704F /* ViewController.swift */; };
		55229AB61EC40A750054704F /* Main.storyboard in Resources */ = {isa = PBXBuildFile; fileRef = 55229AB41EC40A750054704F /* Main.storyboard */; };
		55229AB81EC40A750054704F /* Assets.xcassets in Resources */ = {isa = PBXBuildFile; fileRef = 55229AB71EC40A750054704F /* Assets.xcassets */; };
		55229ABB1EC40A750054704F /* LaunchScreen.storyboard in Resources */ = {isa = PBXBuildFile; fileRef = 55229AB91EC40A750054704F /* LaunchScreen.storyboard */; };
		55229AC31EC40B470054704F /* rick.jpg in Resources */ = {isa = PBXBuildFile; fileRef = 55229AC21EC40B470054704F /* rick.jpg */; };
/* End PBXBuildFile section */

/* Begin PBXFileReference section */
		55229AAD1EC40A750054704F /* TapGesture.app */ = {isa = PBXFileReference; explicitFileType = wrapper.application; includeInIndex = 0; path = TapGesture.app; sourceTree = BUILT_PRODUCTS_DIR; };
		55229AB01EC40A750054704F /* AppDelegate.swift */ = {isa = PBXFileReference; lastKnownFileType = sourcecode.swift; path = AppDelegate.swift; sourceTree = "<group>"; };
		55229AB21EC40A750054704F /* ViewController.swift */ = {isa = PBXFileReference; lastKnownFileType = sourcecode.swift; path = ViewController.swift; sourceTree = "<group>"; };
		55229AB51EC40A750054704F /* Base */ = {isa = PBXFileReference; lastKnownFileType = file.storyboard; name = Base; path = Base.lproj/Main.storyboard; sourceTree = "<group>"; };
		55229AB71EC40A750054704F /* Assets.xcassets */ = {isa = PBXFileReference; lastKnownFileType = folder.assetcatalog; path = Assets.xcassets; sourceTree = "<group>"; };
		55229ABA1EC40A750054704F /* Base */ = {isa = PBXFileReference; lastKnownFileType = file.storyboard; name = Base; path = Base.lproj/LaunchScreen.storyboard; sourceTree = "<group>"; };
		55229ABC1EC40A750054704F /* Info.plist */ = {isa = PBXFileReference; lastKnownFileType = text.plist.xml; path = Info.plist; sourceTree = "<group>"; };
		55229AC21EC40B470054704F /* rick.jpg */ = {isa = PBXFileReference; lastKnownFileType = image.jpeg; path = rick.jpg; sourceTree = "<group>"; };
/* End PBXFileReference section */

/* Begin PBXFrameworksBuildPhase section */
		55229AAA1EC40A750054704F /* Frameworks */ = {
			isa = PBXFrameworksBuildPhase;
			buildActionMask = 2147483647;
			files = (
			);
			runOnlyForDeploymentPostprocessing = 0;
		};
/* End PBXFrameworksBuildPhase section */

/* Begin PBXGroup section */
		55229AA41EC40A750054704F = {
			isa = PBXGroup;
			children = (
				55229AAF1EC40A750054704F /* TapGesture */,
				55229AAE1EC40A750054704F /* Products */,
			);
			sourceTree = "<group>";
		};
		55229AAE1EC40A750054704F /* Products */ = {
			isa = PBXGroup;
			children = (
				55229AAD1EC40A750054704F /* TapGesture.app */,
			);
			name = Products;
			sourceTree = "<group>";
		};
		55229AAF1EC40A750054704F /* TapGesture */ = {
			isa = PBXGroup;
			children = (
				55229AC21EC40B470054704F /* rick.jpg */,
				55229AB01EC40A750054704F /* AppDelegate.swift */,
				55229AB21EC40A750054704F /* ViewController.swift */,
				55229AB41EC40A750054704F /* Main.storyboard */,
				55229AB71EC40A750054704F /* Assets.xcassets */,
				55229AB91EC40A750054704F /* LaunchScreen.storyboard */,
				55229ABC1EC40A750054704F /* Info.plist */,
			);
			path = TapGesture;
			sourceTree = "<group>";
		};
/* End PBXGroup section */

/* Begin PBXNativeTarget section */
		55229AAC1EC40A750054704F /* TapGesture */ = {
			isa = PBXNativeTarget;
			buildConfigurationList = 55229ABF1EC40A760054704F /* Build configuration list for PBXNativeTarget "TapGesture" */;
			buildPhases = (
				55229AA91EC40A750054704F /* Sources */,
				55229AAA1EC40A750054704F /* Frameworks */,
				55229AAB1EC40A750054704F /* Resources */,
			);
			buildRules = (
			);
			dependencies = (
			);
			name = TapGesture;
			productName = TapGesture;
			productReference = 55229AAD1EC40A750054704F /* TapGesture.app */;
			productType = "com.apple.product-type.application";
		};
/* End PBXNativeTarget section */

/* Begin PBXProject section */
		55229AA51EC40A750054704F /* Project object */ = {
			isa = PBXProject;
			attributes = {
				LastSwiftUpdateCheck = 0830;
				LastUpgradeCheck = 0830;
				ORGANIZATIONNAME = "Adrian Bolinger";
				TargetAttributes = {
					55229AAC1EC40A750054704F = {
						CreatedOnToolsVersion = 8.3.2;
						DevelopmentTeam = A983637AY3;
						ProvisioningStyle = Automatic;
					};
				};
			};
			buildConfigurationList = 55229AA81EC40A750054704F /* Build configuration list for PBXProject "TapGesture" */;
			compatibilityVersion = "Xcode 3.2";
			developmentRegion = English;
			hasScannedForEncodings = 0;
			knownRegions = (
				en,
				Base,
			);
			mainGroup = 55229AA41EC40A750054704F;
			productRefGroup = 55229AAE1EC40A750054704F /* Products */;
			projectDirPath = "";
			projectRoot = "";
			targets = (
				55229AAC1EC40A750054704F /* TapGesture */,
			);
		};
/* End PBXProject section */

/* Begin PBXResourcesBuildPhase section */
		55229AAB1EC40A750054704F /* Resources */ = {
			isa = PBXResourcesBuildPhase;
			buildActionMask = 2147483647;
			files = (
				55229AC31EC40B470054704F /* rick.jpg in Resources */,
				55229ABB1EC40A750054704F /* LaunchScreen.storyboard in Resources */,
				55229AB81EC40A750054704F /* Assets.xcassets in Resources */,
				55229AB61EC40A750054704F /* Main.storyboard in Resources */,
			);
			runOnlyForDeploymentPostprocessing = 0;
		};
/* End PBXResourcesBuildPhase section */

/* Begin PBXSourcesBuildPhase section */
		55229AA91EC40A750054704F /* Sources */ = {
			isa = PBXSourcesBuildPhase;
			buildActionMask = 2147483647;
			files = (
				55229AB31EC40A750054704F /* ViewController.swift in Sources */,
				55229AB11EC40A750054704F /* AppDelegate.swift in Sources */,
			);
			runOnlyForDeploymentPostprocessing = 0;
		};
/* End PBXSourcesBuildPhase section */

/* Begin PBXVariantGroup section */
		55229AB41EC40A750054704F /* Main.storyboard */ = {
			isa = PBXVariantGroup;
			children = (
				55229AB51EC40A750054704F /* Base */,
			);
			name = Main.storyboard;
			sourceTree = "<group>";
		};
		55229AB91EC40A750054704F /* LaunchScreen.storyboard */ = {
			isa = PBXVariantGroup;
			children = (
				55229ABA1EC40A750054704F /* Base */,
			);
			name = LaunchScreen.storyboard;
			sourceTree = "<group>";
		};
/* End PBXVariantGroup section */

/* Begin XCBuildConfiguration section */
		55229ABD1EC40A760054704F /* Debug */ = {
			isa = XCBuildConfiguration;
			buildSettings = {
				ALWAYS_SEARCH_USER_PATHS = NO;
				CLANG_ANALYZER_NONNULL = YES;
				CLANG_ANALYZER_NUMBER_OBJECT_CONVERSION = YES_AGGRESSIVE;
				CLANG_CXX_LANGUAGE_STANDARD = "gnu++0x";
				CLANG_CXX_LIBRARY = "libc++";
				CLANG_ENABLE_MODULES = YES;
				CLANG_ENABLE_OBJC_ARC = YES;
				CLANG_WARN_BOOL_CONVERSION = YES;
				CLANG_WARN_CONSTANT_CONVERSION = YES;
				CLANG_WARN_DIRECT_OBJC_ISA_USAGE = YES_ERROR;
				CLANG_WARN_DOCUMENTATION_COMMENTS = YES;
				CLANG_WARN_EMPTY_BODY = YES;
				CLANG_WARN_ENUM_CONVERSION = YES;
				CLANG_WARN_INFINITE_RECURSION = YES;
				CLANG_WARN_INT_CONVERSION = YES;
				CLANG_WARN_OBJC_ROOT_CLASS = YES_ERROR;
				CLANG_WARN_SUSPICIOUS_MOVE = YES;
				CLANG_WARN_UNREACHABLE_CODE = YES;
				CLANG_WARN__DUPLICATE_METHOD_MATCH = YES;
				"CODE_SIGN_IDENTITY[sdk=iphoneos*]" = "iPhone Developer";
				COPY_PHASE_STRIP = NO;
				DEBUG_INFORMATION_FORMAT = dwarf;
				ENABLE_STRICT_OBJC_MSGSEND = YES;
				ENABLE_TESTABILITY = YES;
				GCC_C_LANGUAGE_STANDARD = gnu99;
				GCC_DYNAMIC_NO_PIC = NO;
				GCC_NO_COMMON_BLOCKS = YES;
				GCC_OPTIMIZATION_LEVEL = 0;
				GCC_PREPROCESSOR_DEFINITIONS = (
					"DEBUG=1",
					"$(inherited)",
				);
				GCC_WARN_64_TO_32_BIT_CONVERSION = YES;
				GCC_WARN_ABOUT_RETURN_TYPE = YES_ERROR;
				GCC_WARN_UNDECLARED_SELECTOR = YES;
				GCC_WARN_UNINITIALIZED_AUTOS = YES_AGGRESSIVE;
				GCC_WARN_UNUSED_FUNCTION = YES;
				GCC_WARN_UNUSED_VARIABLE = YES;
				IPHONEOS_DEPLOYMENT_TARGET = 10.3;
				MTL_ENABLE_DEBUG_INFO = YES;
				ONLY_ACTIVE_ARCH = YES;
				SDKROOT = iphoneos;
				SWIFT_ACTIVE_COMPILATION_CONDITIONS = DEBUG;
				SWIFT_OPTIMIZATION_LEVEL = "-Onone";
				TARGETED_DEVICE_FAMILY = "1,2";
			};
			name = Debug;
		};
		55229ABE1EC40A760054704F /* Release */ = {
			isa = XCBuildConfiguration;
			buildSettings = {
				ALWAYS_SEARCH_USER_PATHS = NO;
				CLANG_ANALYZER_NONNULL = YES;
				CLANG_ANALYZER_NUMBER_OBJECT_CONVERSION = YES_AGGRESSIVE;
				CLANG_CXX_LANGUAGE_STANDARD = "gnu++0x";
				CLANG_CXX_LIBRARY = "libc++";
				CLANG_ENABLE_MODULES = YES;
				CLANG_ENABLE_OBJC_ARC = YES;
				CLANG_WARN_BOOL_CONVERSION = YES;
				CLANG_WARN_CONSTANT_CONVERSION = YES;
				CLANG_WARN_DIRECT_OBJC_ISA_USAGE = YES_ERROR;
				CLANG_WARN_DOCUMENTATION_COMMENTS = YES;
				CLANG_WARN_EMPTY_BODY = YES;
				CLANG_WARN_ENUM_CONVERSION = YES;
				CLANG_WARN_INFINITE_RECURSION = YES;
				CLANG_WARN_INT_CONVERSION = YES;
				CLANG_WARN_OBJC_ROOT_CLASS = YES_ERROR;
				CLANG_WARN_SUSPICIOUS_MOVE = YES;
				CLANG_WARN_UNREACHABLE_CODE = YES;
				CLANG_WARN__DUPLICATE_METHOD_MATCH = YES;
				"CODE_SIGN_IDENTITY[sdk=iphoneos*]" = "iPhone Developer";
				COPY_PHASE_STRIP = NO;
				DEBUG_INFORMATION_FORMAT = "dwarf-with-dsym";
				ENABLE_NS_ASSERTIONS = NO;
				ENABLE_STRICT_OBJC_MSGSEND = YES;
				GCC_C_LANGUAGE_STANDARD = gnu99;
				GCC_NO_COMMON_BLOCKS = YES;
				GCC_WARN_64_TO_32_BIT_CONVERSION = YES;
				GCC_WARN_ABOUT_RETURN_TYPE = YES_ERROR;
				GCC_WARN_UNDECLARED_SELECTOR = YES;
				GCC_WARN_UNINITIALIZED_AUTOS = YES_AGGRESSIVE;
				GCC_WARN_UNUSED_FUNCTION = YES;
				GCC_WARN_UNUSED_VARIABLE = YES;
				IPHONEOS_DEPLOYMENT_TARGET = 10.3;
				MTL_ENABLE_DEBUG_INFO = NO;
				SDKROOT = iphoneos;
				SWIFT_OPTIMIZATION_LEVEL = "-Owholemodule";
				TARGETED_DEVICE_FAMILY = "1,2";
				VALIDATE_PRODUCT = YES;
			};
			name = Release;
		};
		55229AC01EC40A760054704F /* Debug */ = {
			isa = XCBuildConfiguration;
			buildSettings = {
				ASSETCATALOG_COMPILER_APPICON_NAME = AppIcon;
				DEVELOPMENT_TEAM = A983637AY3;
				INFOPLIST_FILE = TapGesture/Info.plist;
				LD_RUNPATH_SEARCH_PATHS = "$(inherited) @executable_path/Frameworks";
				PRODUCT_BUNDLE_IDENTIFIER = com.adrianbolinger.TapGesture;
				PRODUCT_NAME = "$(TARGET_NAME)";
				SWIFT_VERSION = 3.0;
			};
			name = Debug;
		};
		55229AC11EC40A760054704F /* Release */ = {
			isa = XCBuildConfiguration;
			buildSettings = {
				ASSETCATALOG_COMPILER_APPICON_NAME = AppIcon;
				DEVELOPMENT_TEAM = A983637AY3;
				INFOPLIST_FILE = TapGesture/Info.plist;
				LD_RUNPATH_SEARCH_PATHS = "$(inherited) @executable_path/Frameworks";
				PRODUCT_BUNDLE_IDENTIFIER = com.adrianbolinger.TapGesture;
				PRODUCT_NAME = "$(TARGET_NAME)";
				SWIFT_VERSION = 3.0;
			};
			name = Release;
		};
/* End XCBuildConfiguration section */

/* Begin XCConfigurationList section */
		55229AA81EC40A750054704F /* Build configuration list for PBXProject "TapGesture" */ = {
			isa = XCConfigurationList;
			buildConfigurations = (
				55229ABD1EC40A760054704F /* Debug */,
				55229ABE1EC40A760054704F /* Release */,
			);
			defaultConfigurationIsVisible = 0;
			defaultConfigurationName = Release;
		};
		55229ABF1EC40A760054704F /* Build configuration list for PBXNativeTarget "TapGesture" */ = {
			isa = XCConfigurationList;
			buildConfigurations = (
				55229AC01EC40A760054704F /* Debug */,
				55229AC11EC40A760054704F /* Release */,
			);
			defaultConfigurationIsVisible = 0;
		};
/* End XCConfigurationList section */
	};
	rootObject = 55229AA51EC40A750054704F /* Project object */;
}
